
Microsoft Visual Studio Solution File, Format Version 12.00
# Visual Studio 15
VisualStudioVersion = 15.0.28307.489
MinimumVisualStudioVersion = 10.0.40219.1
Project("{FAE04EC0-301F-11D3-BF4B-00C04F79EFBC}") = "svvv", "svvv\svvv.csproj", "{D9ECDEAD-56FE-476B-B7AA-6895272BA35B}"
EndProject
Project("{FAE04EC0-301F-11D3-BF4B-00C04F79EFBC}") = "TranslateUtility", "TranslateUtility\TranslateUtility.csproj", "{62AA79B6-CD04-4622-AE05-4D415615B4EE}"
EndProject
Project("{FAE04EC0-301F-11D3-BF4B-00C04F79EFBC}") = "Updater", "Updater\Updater.csproj", "{6E3184E0-B0E9-4579-8477-3D25CBD38193}"
EndProject
Project("{FAE04EC0-301F-11D3-BF4B-00C04F79EFBC}") = "AdvanceTools", "AdvanceTools\AdvanceTools.csproj", "{B7E2BA37-B616-4675-AD86-1B7BB90761D3}"
EndProject
Project("{FAE04EC0-301F-11D3-BF4B-00C04F79EFBC}") = "MessageFinder", "MessageFinder\MessageFinder.csproj", "{B428FB56-5E23-4883-B31A-79E74F24878E}"
EndProject
Global
	GlobalSection(SolutionConfigurationPlatforms) = preSolution
		Debug|Any CPU = Debug|Any CPU
		Release|Any CPU = Release|Any CPU
	EndGlobalSection
	GlobalSection(ProjectConfigurationPlatforms) = postSolution
		{D9ECDEAD-56FE-476B-B7AA-6895272BA35B}.Debug|Any CPU.ActiveCfg = Debug|Any CPU
		{D9ECDEAD-56FE-476B-B7AA-6895272BA35B}.Debug|Any CPU.Build.0 = Debug|Any CPU
		{D9ECDEAD-56FE-476B-B7AA-6895272BA35B}.Release|Any CPU.ActiveCfg = Release|Any CPU
		{D9ECDEAD-56FE-476B-B7AA-6895272BA35B}.Release|Any CPU.Build.0 = Release|Any CPU
		{62AA79B6-CD04-4622-AE05-4D415615B4EE}.Debug|Any CPU.ActiveCfg = Debug|Any CPU
		{62AA79B6-CD04-4622-AE05-4D415615B4EE}.Debug|Any CPU.Build.0 = Debug|Any CPU
		{62AA79B6-CD04-4622-AE05-4D415615B4EE}.Release|Any CPU.ActiveCfg = Release|Any CPU
		{62AA79B6-CD04-4622-AE05-4D415615B4EE}.Release|Any CPU.Build.0 = Release|Any CPU
		{6E3184E0-B0E9-4579-8477-3D25CBD38193}.Debug|Any CPU.ActiveCfg = Debug|Any CPU
		{6E3184E0-B0E9-4579-8477-3D25CBD38193}.Debug|Any CPU.Build.0 = Debug|Any CPU
		{6E3184E0-B0E9-4579-8477-3D25CBD38193}.Release|Any CPU.ActiveCfg = Release|Any CPU
		{6E3184E0-B0E9-4579-8477-3D25CBD38193}.Release|Any CPU.Build.0 = Release|Any CPU
		{B7E2BA37-B616-4675-AD86-1B7BB90761D3}.Debug|Any CPU.ActiveCfg = Debug|Any CPU
		{B7E2BA37-B616-4675-AD86-1B7BB90761D3}.Debug|Any CPU.Build.0 = Debug|Any CPU
		{B7E2BA37-B616-4675-AD86-1B7BB90761D3}.Release|Any CPU.ActiveCfg = Release|Any CPU
		{B7E2BA37-B616-4675-AD86-1B7BB90761D3}.Release|Any CPU.Build.0 = Release|Any CPU
		{B428FB56-5E23-4883-B31A-79E74F24878E}.Debug|Any CPU.ActiveCfg = Debug|Any CPU
		{B428FB56-5E23-4883-B31A-79E74F24878E}.Debug|Any CPU.Build.0 = Debug|Any CPU
		{B428FB56-5E23-4883-B31A-79E74F24878E}.Release|Any CPU.ActiveCfg = Release|Any CPU
		{B428FB56-5E23-4883-B31A-79E74F24878E}.Release|Any CPU.Build.0 = Release|Any CPU
	EndGlobalSection
	GlobalSection(SolutionProperties) = preSolution
		HideSolutionNode = FALSE
	EndGlobalSection
	GlobalSection(ExtensibilityGlobals) = postSolution
		SolutionGuid = {C4667E2B-811B-48B7-988F-FCEC1889BE08}
	EndGlobalSection
EndGlobal
